
Microsoft Visual Studio Solution File, Format Version 12.00
# Visual Studio Version 16
VisualStudioVersion = 16.0.30011.22
MinimumVisualStudioVersion = 10.0.40219.1
Project("{FAE04EC0-301F-11D3-BF4B-00C04F79EFBC}") = "SalesWebMvc", "SalesWebMvc\SalesWebMvc.csproj", "{3473C6C2-1C2A-43A8-9AED-D07889CBCDCE}"
EndProject
Global
	GlobalSection(SolutionConfigurationPlatforms) = preSolution
		Debug|Any CPU = Debug|Any CPU
		Release|Any CPU = Release|Any CPU
	EndGlobalSection
	GlobalSection(ProjectConfigurationPlatforms) = postSolution
		{3473C6C2-1C2A-43A8-9AED-D07889CBCDCE}.Debug|Any CPU.ActiveCfg = Debug|Any CPU
		{3473C6C2-1C2A-43A8-9AED-D07889CBCDCE}.Debug|Any CPU.Build.0 = Debug|Any CPU
		{3473C6C2-1C2A-43A8-9AED-D07889CBCDCE}.Release|Any CPU.ActiveCfg = Release|Any CPU
		{3473C6C2-1C2A-43A8-9AED-D07889CBCDCE}.Release|Any CPU.Build.0 = Release|Any CPU
	EndGlobalSection
	GlobalSection(SolutionProperties) = preSolution
		HideSolutionNode = FALSE
	EndGlobalSection
	GlobalSection(ExtensibilityGlobals) = postSolution
		SolutionGuid = {B11E9D99-9273-4A73-A724-3EB55BED3342}
	EndGlobalSection
EndGlobal
